schema: '2.0'
stages:
  prepare:
    cmd: python pipelines/prepare_data.py
    deps:
    - path: data/raw
      hash: md5
      md5: eb0babc90aad961e3097fe6f5d1e24c7.dir
      size: 571915376
      nfiles: 25000
    params:
      params.yaml:
        prepare.IM_HEIGHT: 64
        prepare.IM_WIDTH: 64
  train:
    cmd: python ml/train.py
    deps:
    - path: data/interim
      hash: md5
      md5: 590c93bd67742526bfbbd308203e4b9a.dir
      size: 41402656
      nfiles: 25000
    params:
      params.yaml:
        train.LEARNING_RATE: 0.001
        train.NUM_EPOCHS: 6
        train.TRANSFORMS: Normalize
